{
    "version": 3,
    "terraform_version": "0.11.6",
    "serial": 8,
    "lineage": "ae2cbee4-dd50-fb63-da85-ca573755cabe",
    "modules": [
        {
            "path": [
                "root"
            ],
            "outputs": {},
            "resources": {
                "aws_instance.webapp": {
                    "type": "aws_instance",
                    "depends_on": [
                        "data.template_cloudinit_config.docker"
                    ],
                    "primary": {
                        "id": "i-0c42d535473eee793",
                        "attributes": {
                            "ami": "ami-a625b8df",
                            "associate_public_ip_address": "true",
                            "availability_zone": "eu-west-1b",
                            "disable_api_termination": "false",
                            "ebs_block_device.#": "0",
                            "ebs_optimized": "false",
                            "ephemeral_block_device.#": "0",
                            "get_password_data": "false",
                            "iam_instance_profile": "",
                            "id": "i-0c42d535473eee793",
                            "instance_state": "running",
                            "instance_type": "t2.micro",
                            "ipv6_addresses.#": "0",
                            "key_name": "uxpin_public_key",
                            "monitoring": "false",
                            "network_interface.#": "0",
                            "network_interface_id": "eni-7bac3849",
                            "password_data": "",
                            "placement_group": "",
                            "primary_network_interface_id": "eni-7bac3849",
                            "private_dns": "ip-172-31-19-253.eu-west-1.compute.internal",
                            "private_ip": "172.31.19.253",
                            "public_dns": "ec2-34-245-223-159.eu-west-1.compute.amazonaws.com",
                            "public_ip": "34.245.223.159",
                            "root_block_device.#": "1",
                            "root_block_device.0.delete_on_termination": "false",
                            "root_block_device.0.iops": "0",
                            "root_block_device.0.volume_id": "vol-053884ede51687522",
                            "root_block_device.0.volume_size": "8",
                            "root_block_device.0.volume_type": "standard",
                            "security_groups.#": "1",
                            "security_groups.2200183879": "allow_all",
                            "source_dest_check": "true",
                            "subnet_id": "subnet-13667265",
                            "tags.%": "2",
                            "tags.Client": "UXPin",
                            "tags.Name": "Webapp",
                            "tenancy": "default",
                            "user_data": "e33fd70e9ac6f227543a678f2abe572d4adb4dfa",
                            "volume_tags.%": "0",
                            "vpc_security_group_ids.#": "1",
                            "vpc_security_group_ids.93174934": "sg-ff998f85"
                        },
                        "meta": {
                            "e2bfb730-ecaa-11e6-8f88-34363bc7c4c0": {
                                "create": 600000000000,
                                "delete": 1200000000000,
                                "update": 600000000000
                            },
                            "schema_version": "1"
                        },
                        "tainted": false
                    },
                    "deposed": [],
                    "provider": "provider.aws"
                },
                "aws_internet_gateway.internet_gateway": {
                    "type": "aws_internet_gateway",
                    "depends_on": [
                        "aws_vpc.vpc"
                    ],
                    "primary": {
                        "id": "igw-ada7cfca",
                        "attributes": {
                            "id": "igw-ada7cfca",
                            "tags.%": "0",
                            "vpc_id": "vpc-27108341"
                        },
                        "meta": {},
                        "tainted": false
                    },
                    "deposed": [],
                    "provider": "provider.aws"
                },
                "aws_key_pair.key": {
                    "type": "aws_key_pair",
                    "depends_on": [],
                    "primary": {
                        "id": "uxpin_public_key",
                        "attributes": {
                            "fingerprint": "41:21:e5:8e:82:99:7e:2e:3f:19:bd:2a:34:e3:3f:9a",
                            "id": "uxpin_public_key",
                            "key_name": "uxpin_public_key",
                            "public_key": "ssh-rsa AAAAB3NzaC1yc2EAAAADAQABAAABAQCdg9tCgekqyNIt4oGfHBWFgGRBb6CaloH4twabSQFU5Mv4sKcowvWzA42NsY3nmDRNLio7/MIG/UGEHPcW8kGi/HHA1b2ONcMxY8VbLj+ZOGxzDv6/WLwgQ63mBXJ1/aoeaXO1ZPEj7ncFowT99SgemwEB32+s2SlzRN7gqkXTdyvTzTYlt5ecxY16tXr1bdWao0alzm87g+rQ2BSEGm/x5htEPB7FAgZkOxePRUYyJeMJ/xDUSK2T24ZEmzPrBZAhNBEL61HlEPrWhffZ8j7wsGLaia118fxLEdfRGVMemwRratLYPR/4XpzEfLHnHskyFVLrQ9IGfNJ0FeWQMOsx"
                        },
                        "meta": {
                            "schema_version": "1"
                        },
                        "tainted": false
                    },
                    "deposed": [],
                    "provider": "provider.aws"
                },
                "aws_route_table.route_table": {
                    "type": "aws_route_table",
                    "depends_on": [
                        "aws_internet_gateway.internet_gateway",
                        "aws_vpc.vpc"
                    ],
                    "primary": {
                        "id": "rtb-0f9b3076",
                        "attributes": {
                            "id": "rtb-0f9b3076",
                            "propagating_vgws.#": "0",
                            "route.#": "1",
                            "route.2434999281.cidr_block": "0.0.0.0/0",
                            "route.2434999281.egress_only_gateway_id": "",
                            "route.2434999281.gateway_id": "igw-ada7cfca",
                            "route.2434999281.instance_id": "",
                            "route.2434999281.ipv6_cidr_block": "",
                            "route.2434999281.nat_gateway_id": "",
                            "route.2434999281.network_interface_id": "",
                            "route.2434999281.vpc_peering_connection_id": "",
                            "tags.%": "2",
                            "tags.Client": "UXPin",
                            "tags.Name": "Adele",
                            "vpc_id": "vpc-27108341"
                        },
                        "meta": {},
                        "tainted": false
                    },
                    "deposed": [],
                    "provider": "provider.aws"
                },
                "aws_route_table_association.public_subnet": {
                    "type": "aws_route_table_association",
                    "depends_on": [
                        "aws_route_table.route_table",
                        "aws_subnet.public_subnet"
                    ],
                    "primary": {
                        "id": "rtbassoc-935c10eb",
                        "attributes": {
                            "id": "rtbassoc-935c10eb",
                            "route_table_id": "rtb-0f9b3076",
                            "subnet_id": "subnet-eba67c8d"
                        },
                        "meta": {},
                        "tainted": false
                    },
                    "deposed": [],
                    "provider": "provider.aws"
                },
                "aws_security_group.allow_all": {
                    "type": "aws_security_group",
                    "depends_on": [],
                    "primary": {
                        "id": "sg-ff998f85",
                        "attributes": {
                            "arn": "arn:aws:ec2:eu-west-1:589426331959:security-group/sg-ff998f85",
                            "description": "Allow inbound traffic ssh and http, outbound open",
                            "egress.#": "1",
                            "egress.482069346.cidr_blocks.#": "1",
                            "egress.482069346.cidr_blocks.0": "0.0.0.0/0",
                            "egress.482069346.description": "",
                            "egress.482069346.from_port": "0",
                            "egress.482069346.ipv6_cidr_blocks.#": "0",
                            "egress.482069346.prefix_list_ids.#": "0",
                            "egress.482069346.protocol": "-1",
                            "egress.482069346.security_groups.#": "0",
                            "egress.482069346.self": "false",
                            "egress.482069346.to_port": "0",
                            "id": "sg-ff998f85",
                            "ingress.#": "2",
                            "ingress.2214680975.cidr_blocks.#": "1",
                            "ingress.2214680975.cidr_blocks.0": "0.0.0.0/0",
                            "ingress.2214680975.description": "",
                            "ingress.2214680975.from_port": "80",
                            "ingress.2214680975.ipv6_cidr_blocks.#": "0",
                            "ingress.2214680975.protocol": "tcp",
                            "ingress.2214680975.security_groups.#": "0",
                            "ingress.2214680975.self": "false",
                            "ingress.2214680975.to_port": "80",
                            "ingress.2541437006.cidr_blocks.#": "1",
                            "ingress.2541437006.cidr_blocks.0": "0.0.0.0/0",
                            "ingress.2541437006.description": "",
                            "ingress.2541437006.from_port": "22",
                            "ingress.2541437006.ipv6_cidr_blocks.#": "0",
                            "ingress.2541437006.protocol": "tcp",
                            "ingress.2541437006.security_groups.#": "0",
                            "ingress.2541437006.self": "false",
                            "ingress.2541437006.to_port": "22",
                            "name": "allow_all",
                            "owner_id": "589426331959",
                            "revoke_rules_on_delete": "false",
                            "tags.%": "2",
                            "tags.Client": "UXPin",
                            "tags.Name": "Allow_all",
                            "vpc_id": "vpc-e4393480"
                        },
                        "meta": {
                            "e2bfb730-ecaa-11e6-8f88-34363bc7c4c0": {
                                "create": 600000000000,
                                "delete": 600000000000
                            },
                            "schema_version": "1"
                        },
                        "tainted": false
                    },
                    "deposed": [],
                    "provider": "provider.aws"
                },
                "aws_subnet.public_subnet": {
                    "type": "aws_subnet",
                    "depends_on": [
                        "aws_vpc.vpc"
                    ],
                    "primary": {
                        "id": "subnet-eba67c8d",
                        "attributes": {
                            "assign_ipv6_address_on_creation": "false",
                            "availability_zone": "eu-west-1a",
                            "cidr_block": "10.0.0.0/24",
                            "id": "subnet-eba67c8d",
                            "map_public_ip_on_launch": "true",
                            "tags.%": "2",
                            "tags.Client": "UXPin",
                            "tags.Name": "Adele",
                            "vpc_id": "vpc-27108341"
                        },
                        "meta": {
                            "schema_version": "1"
                        },
                        "tainted": false
                    },
                    "deposed": [],
                    "provider": "provider.aws"
                },
                "aws_vpc.vpc": {
                    "type": "aws_vpc",
                    "depends_on": [],
                    "primary": {
                        "id": "vpc-27108341",
                        "attributes": {
                            "assign_generated_ipv6_cidr_block": "false",
                            "cidr_block": "10.0.0.0/16",
                            "default_network_acl_id": "acl-ec111d8a",
                            "default_route_table_id": "rtb-74802b0d",
                            "default_security_group_id": "sg-39819743",
                            "dhcp_options_id": "dopt-ea49df8e",
                            "enable_classiclink": "false",
                            "enable_classiclink_dns_support": "false",
                            "enable_dns_hostnames": "true",
                            "enable_dns_support": "true",
                            "id": "vpc-27108341",
                            "instance_tenancy": "default",
                            "main_route_table_id": "rtb-74802b0d",
                            "tags.%": "2",
                            "tags.Client": "UXPin",
                            "tags.Name": "Adele"
                        },
                        "meta": {
                            "schema_version": "1"
                        },
                        "tainted": false
                    },
                    "deposed": [],
                    "provider": "provider.aws"
                },
                "data.template_cloudinit_config.docker": {
                    "type": "template_cloudinit_config",
                    "depends_on": [
                        "data.template_file.docker"
                    ],
                    "primary": {
                        "id": "1055742150",
                        "attributes": {
                            "base64_encode": "true",
                            "gzip": "true",
                            "id": "1055742150",
                            "part.#": "1",
                            "part.0.content": "#!/bin/bash\n\nyum -y install epel-release\nyum -y install docker-io\ndocker pull agnieszkatatara/adele\ndocker run -d -p 8080:80 agnieszkatatara/adele",
                            "part.0.content_type": "text/x-shellscript",
                            "part.0.filename": "",
                            "part.0.merge_type": "",
                            "rendered": "H4sIAAAAAAAA/2zPT0v0QAwG8PtAv0Pefc+x9eRS8eCfPXiogqjgMe3E3bDTzDCTQuunFxVlWb0l5Ecenuuoxmr4uCRuYZyCSaJs9Sgz+3Po46Se8nKx6m67zdX9093N5cPLyn1s+My5SNQWTk+aylUO8RBV7ud3Ji2vnHGjQ/Si2xbOerED8BluPFs9Y9lxCGXIkqxynYz8K+f/v7oXrXsqO+eWaQRcQLQYhQCcOGDmwFT4+ObjsOeMEt3XBGkKAWirwuVtT0ZGmWryHPhb5EkBPWCCdbNu2nXzNz/ujli59wAAAP//VsRxp1oBAAA="
                        },
                        "meta": {},
                        "tainted": false
                    },
                    "deposed": [],
                    "provider": "provider.template"
                },
                "data.template_file.docker": {
                    "type": "template_file",
                    "depends_on": [],
                    "primary": {
                        "id": "2b8195ec6170d057ce32be2e750f86b3ce2104b28a1e8c05e4a874f945d98f71",
                        "attributes": {
                            "id": "2b8195ec6170d057ce32be2e750f86b3ce2104b28a1e8c05e4a874f945d98f71",
                            "rendered": "#!/bin/bash\n\nyum -y install epel-release\nyum -y install docker-io\ndocker pull agnieszkatatara/adele\ndocker run -d -p 8080:80 agnieszkatatara/adele",
                            "template": "#!/bin/bash\n\nyum -y install epel-release\nyum -y install docker-io\ndocker pull agnieszkatatara/adele\ndocker run -d -p 8080:80 agnieszkatatara/adele"
                        },
                        "meta": {},
                        "tainted": false
                    },
                    "deposed": [],
                    "provider": "provider.template"
                }
            },
            "depends_on": []
        }
    ]
}
